# Apprentice SERVE venv lock (v0.2) — exact third-party pins for the vLLM serving/validation stack.
# Install: uv pip install -r deploy/locks/serve.lock
# Then install repo packages editable: uv pip install -e ./serving -e ./validator -e ./orchestrator -e ./telegram -e ./trainer
# Invariant: torch 2.11 matches vllm 0.21's compiled ABI (do NOT co-install Unsloth here).
#
[1maiohappyeyeballs[0m==2.6.1
[1maiohttp[0m==3.13.5
[1maiosignal[0m==1.4.0
[1mannotated-doc[0m==0.0.4
[1mannotated-types[0m==0.7.0
[1manthropic[0m==0.103.1
[1manyio[0m==4.13.0
[1mapache-tvm-ffi[0m==0.1.9
[1mastor[0m==0.8.1
[1mattrs[0m==26.1.0
[1mblake3[0m==1.0.8
[1mcachetools[0m==7.1.3
[1mcbor2[0m==6.1.1
[1mcertifi[0m==2026.4.22
[1mcffi[0m==2.0.0
[1mcharset-normalizer[0m==3.4.7
[1mclick[0m==8.4.0
[1mcloudpickle[0m==3.1.2
[1mcompressed-tensors[0m==0.15.0.1
[1mcryptography[0m==48.0.0
[1mcuda-bindings[0m==13.2.0
[1mcuda-pathfinder[0m==1.5.4
[1mcuda-python[0m==13.2.0
[1mcuda-tile[0m==1.3.0
[1mcuda-toolkit[0m==13.0.2
[1mdatasets[0m==4.8.5
[1mdepyf[0m==0.20.0
[1mdill[0m==0.4.1
[1mdiskcache[0m==5.6.3
[1mdistro[0m==1.9.0
[1mdnspython[0m==2.8.0
[1mdocstring-parser[0m==0.18.0
[1meinops[0m==0.8.2
[1memail-validator[0m==2.3.0
[1mfastapi[0m==0.136.1
[1mfastapi-cli[0m==0.0.24
[1mfastapi-cloud-cli[0m==0.17.1
[1mfastar[0m==0.11.0
[1mfastsafetensors[0m==0.3.1
[1mfilelock[0m==3.29.0
[1mflashinfer-cubin[0m==0.6.8.post1
[1mflashinfer-python[0m==0.6.8.post1
[1mfrozenlist[0m==1.8.0
[1mfsspec[0m==2026.2.0
[1mgguf[0m==0.19.0
[1mgoogleapis-common-protos[0m==1.75.0
[1mgrpcio[0m==1.80.0
[1mh11[0m==0.16.0
[1mhf-xet[0m==1.5.0
[1mhttpcore[0m==1.0.9
[1mhttptools[0m==0.7.1
[1mhttpx[0m==0.28.1
[1mhttpx-sse[0m==0.4.3
[1mhuggingface-hub[0m==1.15.0
[1midna[0m==3.15
[1mijson[0m==3.5.0
[1minteregular[0m==0.3.3
[1mjinja2[0m==3.1.6
[1mjiter[0m==0.15.0
[1mjmespath[0m==1.1.0
[1mjsonschema[0m==4.26.0
[1mjsonschema-specifications[0m==2025.9.1
[1mlark[0m==1.2.2
[1mllguidance[0m==1.3.0
[1mllvmlite[0m==0.47.0
[1mlm-format-enforcer[0m==0.11.3
[1mloguru[0m==0.7.3
[1mmarkdown-it-py[0m==4.2.0
[1mmarkupsafe[0m==3.0.3
[1mmcp[0m==1.27.1
[1mmdurl[0m==0.1.2
[1mmistral-common[0m==1.11.2
[1mml-dtypes[0m==0.5.4
[1mmodel-hosting-container-standards[0m==0.1.15
[1mmpmath[0m==1.3.0
[1mmsgspec[0m==0.21.1
[1mmultidict[0m==6.7.1
[1mmultiprocess[0m==0.70.19
[1mnetworkx[0m==3.6.1
[1mninja[0m==1.13.0
[1mnumba[0m==0.65.0
[1mnumpy[0m==2.3.5
[1mnvidia-cublas[0m==13.1.0.3
[1mnvidia-cuda-cupti[0m==13.0.85
[1mnvidia-cuda-nvrtc[0m==13.0.88
[1mnvidia-cuda-runtime[0m==13.0.96
[1mnvidia-cudnn-cu13[0m==9.19.0.56
[1mnvidia-cudnn-frontend[0m==1.18.0
[1mnvidia-cufft[0m==12.0.0.61
[1mnvidia-cufile[0m==1.15.1.6
[1mnvidia-curand[0m==10.4.0.35
[1mnvidia-cusolver[0m==12.0.4.66
[1mnvidia-cusparse[0m==12.6.3.3
[1mnvidia-cusparselt-cu13[0m==0.8.0
[1mnvidia-cutlass-dsl[0m==4.4.2
[1mnvidia-cutlass-dsl-libs-base[0m==4.4.2
[1mnvidia-ml-py[0m==13.595.45
[1mnvidia-nccl-cu13[0m==2.28.9
[1mnvidia-nvjitlink[0m==13.0.88
[1mnvidia-nvshmem-cu13[0m==3.4.5
[1mnvidia-nvtx[0m==13.0.85
[1mopenai[0m==2.37.0
[1mopenai-harmony[0m==0.0.8
[1mopencv-python-headless[0m==4.13.0.92
[1mopentelemetry-api[0m==1.42.0
[1mopentelemetry-exporter-otlp[0m==1.42.0
[1mopentelemetry-exporter-otlp-proto-common[0m==1.42.0
[1mopentelemetry-exporter-otlp-proto-grpc[0m==1.42.0
[1mopentelemetry-exporter-otlp-proto-http[0m==1.42.0
[1mopentelemetry-proto[0m==1.42.0
[1mopentelemetry-sdk[0m==1.42.0
[1mopentelemetry-semantic-conventions[0m==0.63b0
[1mopentelemetry-semantic-conventions-ai[0m==0.5.1
[1moutlines-core[0m==0.2.14
[1mpackaging[0m==26.2
[1mpandas[0m==3.0.3
[1mpartial-json-parser[0m==0.2.1.1.post7
[1mpillow[0m==12.2.0
[1mprometheus-client[0m==0.25.0
[1mprometheus-fastapi-instrumentator[0m==7.1.0
[1mpropcache[0m==0.5.2
[1mprotobuf[0m==6.33.6
[1mpsutil[0m==7.2.2
[1mpy-cpuinfo[0m==9.0.0
[1mpyarrow[0m==24.0.0
[1mpybase64[0m==1.4.3
[1mpycountry[0m==26.2.16
[1mpycparser[0m==3.0
[1mpydantic[0m==2.13.4
[1mpydantic-core[0m==2.46.4
[1mpydantic-extra-types[0m==2.11.1
[1mpydantic-settings[0m==2.14.1
[1mpygments[0m==2.20.0
[1mpyjwt[0m==2.12.1
[1mpython-dateutil[0m==2.9.0.post0
[1mpython-dotenv[0m==1.2.2
[1mpython-json-logger[0m==4.1.0
[1mpython-multipart[0m==0.0.29
[1mpyyaml[0m==6.0.3
[1mpyzmq[0m==27.1.0
[1mquack-kernels[0m==0.4.1
[1mreferencing[0m==0.37.0
[1mregex[0m==2026.5.9
[1mrequests[0m==2.34.2
[1mrich[0m==15.0.0
[1mrich-toolkit[0m==0.19.9
[1mrignore[0m==0.7.6
[1mrpds-py[0m==0.30.0
[1msafetensors[0m==0.7.0
[1msentencepiece[0m==0.2.1
[1msentry-sdk[0m==2.60.0
[1msetproctitle[0m==1.3.7
[1msetuptools[0m==81.0.0
[1mshellingham[0m==1.5.4
[1msix[0m==1.17.0
[1msniffio[0m==1.3.1
[1msse-starlette[0m==3.4.4
[1mstarlette[0m==0.52.1
[1msupervisor[0m==4.3.0
[1msympy[0m==1.14.0
[1mtabulate[0m==0.10.0
[1mtiktoken[0m==0.13.0
[1mtilelang[0m==0.1.9
[1mtokenizers[0m==0.22.2
[1mtokenspeed-mla[0m==0.1.2
[1mtokenspeed-triton[0m==3.7.10.post20260505
[1mtorch[0m==2.11.0
[1mtorch-c-dlpack-ext[0m==0.1.5
[1mtorchaudio[0m==2.11.0
[1mtorchvision[0m==0.26.0
[1mtqdm[0m==4.67.3
[1mtransformers[0m==5.8.1
[1mtriton[0m==3.6.0
[1mtyper[0m==0.25.1
[1mtyping-extensions[0m==4.15.0
[1mtyping-inspection[0m==0.4.2
[1murllib3[0m==2.7.0
[1muvicorn[0m==0.47.0
[1muvloop[0m==0.22.1
[1mvllm[0m==0.21.0
[1mwatchfiles[0m==1.2.0
[1mwebsockets[0m==16.0
[1mxgrammar[0m==0.2.1
[1mxxhash[0m==3.7.0
[1myarl[0m==1.24.2
[1mz3-solver[0m==4.15.4.0
